
Microsoft Visual Studio Solution File, Format Version 12.00
# Visual Studio Version 17
VisualStudioVersion = 17.13.35919.96 d17.13
MinimumVisualStudioVersion = 10.0.40219.1
Project("{FAE04EC0-301F-11D3-BF4B-00C04F79EFBC}") = "MillenniumTestApplication", "MillenniumTestApplication\MillenniumTestApplication.csproj", "{76081392-8FEE-434D-A1B5-F60771DDBEA4}"
EndProject
Global
	GlobalSection(SolutionConfigurationPlatforms) = preSolution
		Debug|Any CPU = Debug|Any CPU
		Release|Any CPU = Release|Any CPU
	EndGlobalSection
	GlobalSection(ProjectConfigurationPlatforms) = postSolution
		{76081392-8FEE-434D-A1B5-F60771DDBEA4}.Debug|Any CPU.ActiveCfg = Debug|Any CPU
		{76081392-8FEE-434D-A1B5-F60771DDBEA4}.Debug|Any CPU.Build.0 = Debug|Any CPU
		{76081392-8FEE-434D-A1B5-F60771DDBEA4}.Release|Any CPU.ActiveCfg = Release|Any CPU
		{76081392-8FEE-434D-A1B5-F60771DDBEA4}.Release|Any CPU.Build.0 = Release|Any CPU
	EndGlobalSection
	GlobalSection(SolutionProperties) = preSolution
		HideSolutionNode = FALSE
	EndGlobalSection
	GlobalSection(ExtensibilityGlobals) = postSolution
		SolutionGuid = {B0BAD215-DCBF-4DDE-BD03-B956894075F7}
	EndGlobalSection
EndGlobal
